
Microsoft Visual Studio Solution File, Format Version 12.00
# Visual Studio 15
VisualStudioVersion = 15.0.28307.136
MinimumVisualStudioVersion = 10.0.40219.1
Project("{FAE04EC0-301F-11D3-BF4B-00C04F79EFBC}") = "49", "49\49.csproj", "{12A720F5-C69D-4A3F-B33F-7C37484A097E}"
EndProject
Global
	GlobalSection(SolutionConfigurationPlatforms) = preSolution
		Debug|Any CPU = Debug|Any CPU
		Release|Any CPU = Release|Any CPU
	EndGlobalSection
	GlobalSection(ProjectConfigurationPlatforms) = postSolution
		{12A720F5-C69D-4A3F-B33F-7C37484A097E}.Debug|Any CPU.ActiveCfg = Debug|Any CPU
		{12A720F5-C69D-4A3F-B33F-7C37484A097E}.Debug|Any CPU.Build.0 = Debug|Any CPU
		{12A720F5-C69D-4A3F-B33F-7C37484A097E}.Release|Any CPU.ActiveCfg = Release|Any CPU
		{12A720F5-C69D-4A3F-B33F-7C37484A097E}.Release|Any CPU.Build.0 = Release|Any CPU
	EndGlobalSection
	GlobalSection(SolutionProperties) = preSolution
		HideSolutionNode = FALSE
	EndGlobalSection
	GlobalSection(ExtensibilityGlobals) = postSolution
		SolutionGuid = {5612568C-0D08-46DC-97BD-79D0C8EEB874}
	EndGlobalSection
EndGlobal
