
Microsoft Visual Studio Solution File, Format Version 12.00
# Visual Studio 15
VisualStudioVersion = 15.0.28307.136
MinimumVisualStudioVersion = 10.0.40219.1
Project("{FAE04EC0-301F-11D3-BF4B-00C04F79EFBC}") = "21", "21\21.csproj", "{84DF1A1A-40DC-4B60-966A-D9A15BF2151E}"
EndProject
Global
	GlobalSection(SolutionConfigurationPlatforms) = preSolution
		Debug|Any CPU = Debug|Any CPU
		Release|Any CPU = Release|Any CPU
	EndGlobalSection
	GlobalSection(ProjectConfigurationPlatforms) = postSolution
		{84DF1A1A-40DC-4B60-966A-D9A15BF2151E}.Debug|Any CPU.ActiveCfg = Debug|Any CPU
		{84DF1A1A-40DC-4B60-966A-D9A15BF2151E}.Debug|Any CPU.Build.0 = Debug|Any CPU
		{84DF1A1A-40DC-4B60-966A-D9A15BF2151E}.Release|Any CPU.ActiveCfg = Release|Any CPU
		{84DF1A1A-40DC-4B60-966A-D9A15BF2151E}.Release|Any CPU.Build.0 = Release|Any CPU
	EndGlobalSection
	GlobalSection(SolutionProperties) = preSolution
		HideSolutionNode = FALSE
	EndGlobalSection
	GlobalSection(ExtensibilityGlobals) = postSolution
		SolutionGuid = {21B5747E-68F8-4692-97B9-A5D205EE0DE7}
	EndGlobalSection
EndGlobal
