
Microsoft Visual Studio Solution File, Format Version 12.00
# Visual Studio 15
VisualStudioVersion = 15.0.28307.136
MinimumVisualStudioVersion = 10.0.40219.1
Project("{FAE04EC0-301F-11D3-BF4B-00C04F79EFBC}") = "36", "36\36.csproj", "{09839F12-14E7-4052-A237-A675999982F1}"
EndProject
Global
	GlobalSection(SolutionConfigurationPlatforms) = preSolution
		Debug|Any CPU = Debug|Any CPU
		Release|Any CPU = Release|Any CPU
	EndGlobalSection
	GlobalSection(ProjectConfigurationPlatforms) = postSolution
		{09839F12-14E7-4052-A237-A675999982F1}.Debug|Any CPU.ActiveCfg = Debug|Any CPU
		{09839F12-14E7-4052-A237-A675999982F1}.Debug|Any CPU.Build.0 = Debug|Any CPU
		{09839F12-14E7-4052-A237-A675999982F1}.Release|Any CPU.ActiveCfg = Release|Any CPU
		{09839F12-14E7-4052-A237-A675999982F1}.Release|Any CPU.Build.0 = Release|Any CPU
	EndGlobalSection
	GlobalSection(SolutionProperties) = preSolution
		HideSolutionNode = FALSE
	EndGlobalSection
	GlobalSection(ExtensibilityGlobals) = postSolution
		SolutionGuid = {A1695ABC-41A2-49FC-8354-AFACD2C5C7B7}
	EndGlobalSection
EndGlobal
