
Microsoft Visual Studio Solution File, Format Version 12.00
# Visual Studio 15
VisualStudioVersion = 15.0.28307.136
MinimumVisualStudioVersion = 10.0.40219.1
Project("{FAE04EC0-301F-11D3-BF4B-00C04F79EFBC}") = "46", "46\46.csproj", "{F95BE0CE-B200-46D8-A388-F6AD193844EF}"
EndProject
Global
	GlobalSection(SolutionConfigurationPlatforms) = preSolution
		Debug|Any CPU = Debug|Any CPU
		Release|Any CPU = Release|Any CPU
	EndGlobalSection
	GlobalSection(ProjectConfigurationPlatforms) = postSolution
		{F95BE0CE-B200-46D8-A388-F6AD193844EF}.Debug|Any CPU.ActiveCfg = Debug|Any CPU
		{F95BE0CE-B200-46D8-A388-F6AD193844EF}.Debug|Any CPU.Build.0 = Debug|Any CPU
		{F95BE0CE-B200-46D8-A388-F6AD193844EF}.Release|Any CPU.ActiveCfg = Release|Any CPU
		{F95BE0CE-B200-46D8-A388-F6AD193844EF}.Release|Any CPU.Build.0 = Release|Any CPU
	EndGlobalSection
	GlobalSection(SolutionProperties) = preSolution
		HideSolutionNode = FALSE
	EndGlobalSection
	GlobalSection(ExtensibilityGlobals) = postSolution
		SolutionGuid = {F4BBE77C-3BC0-45B8-89F3-C859291DEF77}
	EndGlobalSection
EndGlobal
