
Microsoft Visual Studio Solution File, Format Version 12.00
# Visual Studio 15
VisualStudioVersion = 15.0.28307.136
MinimumVisualStudioVersion = 10.0.40219.1
Project("{FAE04EC0-301F-11D3-BF4B-00C04F79EFBC}") = "26", "26\26.csproj", "{A04C79A2-4C93-4D8C-88D5-20EC34DA5C92}"
EndProject
Global
	GlobalSection(SolutionConfigurationPlatforms) = preSolution
		Debug|Any CPU = Debug|Any CPU
		Release|Any CPU = Release|Any CPU
	EndGlobalSection
	GlobalSection(ProjectConfigurationPlatforms) = postSolution
		{A04C79A2-4C93-4D8C-88D5-20EC34DA5C92}.Debug|Any CPU.ActiveCfg = Debug|Any CPU
		{A04C79A2-4C93-4D8C-88D5-20EC34DA5C92}.Debug|Any CPU.Build.0 = Debug|Any CPU
		{A04C79A2-4C93-4D8C-88D5-20EC34DA5C92}.Release|Any CPU.ActiveCfg = Release|Any CPU
		{A04C79A2-4C93-4D8C-88D5-20EC34DA5C92}.Release|Any CPU.Build.0 = Release|Any CPU
	EndGlobalSection
	GlobalSection(SolutionProperties) = preSolution
		HideSolutionNode = FALSE
	EndGlobalSection
	GlobalSection(ExtensibilityGlobals) = postSolution
		SolutionGuid = {8C9EFA1B-9B43-4ED6-9D7B-4B8EABEDC738}
	EndGlobalSection
EndGlobal
