
Microsoft Visual Studio Solution File, Format Version 12.00
# Visual Studio 15
VisualStudioVersion = 15.0.28307.136
MinimumVisualStudioVersion = 10.0.40219.1
Project("{FAE04EC0-301F-11D3-BF4B-00C04F79EFBC}") = "44", "44\44.csproj", "{AD03DA05-0192-4800-9C47-33AAAB5405FC}"
EndProject
Global
	GlobalSection(SolutionConfigurationPlatforms) = preSolution
		Debug|Any CPU = Debug|Any CPU
		Release|Any CPU = Release|Any CPU
	EndGlobalSection
	GlobalSection(ProjectConfigurationPlatforms) = postSolution
		{AD03DA05-0192-4800-9C47-33AAAB5405FC}.Debug|Any CPU.ActiveCfg = Debug|Any CPU
		{AD03DA05-0192-4800-9C47-33AAAB5405FC}.Debug|Any CPU.Build.0 = Debug|Any CPU
		{AD03DA05-0192-4800-9C47-33AAAB5405FC}.Release|Any CPU.ActiveCfg = Release|Any CPU
		{AD03DA05-0192-4800-9C47-33AAAB5405FC}.Release|Any CPU.Build.0 = Release|Any CPU
	EndGlobalSection
	GlobalSection(SolutionProperties) = preSolution
		HideSolutionNode = FALSE
	EndGlobalSection
	GlobalSection(ExtensibilityGlobals) = postSolution
		SolutionGuid = {90902A2A-3F20-4B6E-8442-2C0906A0AF9D}
	EndGlobalSection
EndGlobal
