
Microsoft Visual Studio Solution File, Format Version 12.00
# Visual Studio 15
VisualStudioVersion = 15.0.28307.136
MinimumVisualStudioVersion = 10.0.40219.1
Project("{FAE04EC0-301F-11D3-BF4B-00C04F79EFBC}") = "8", "8\8.csproj", "{8BE71CE8-D48B-466D-A11A-2FB5CB15E54B}"
EndProject
Global
	GlobalSection(SolutionConfigurationPlatforms) = preSolution
		Debug|Any CPU = Debug|Any CPU
		Release|Any CPU = Release|Any CPU
	EndGlobalSection
	GlobalSection(ProjectConfigurationPlatforms) = postSolution
		{8BE71CE8-D48B-466D-A11A-2FB5CB15E54B}.Debug|Any CPU.ActiveCfg = Debug|Any CPU
		{8BE71CE8-D48B-466D-A11A-2FB5CB15E54B}.Debug|Any CPU.Build.0 = Debug|Any CPU
		{8BE71CE8-D48B-466D-A11A-2FB5CB15E54B}.Release|Any CPU.ActiveCfg = Release|Any CPU
		{8BE71CE8-D48B-466D-A11A-2FB5CB15E54B}.Release|Any CPU.Build.0 = Release|Any CPU
	EndGlobalSection
	GlobalSection(SolutionProperties) = preSolution
		HideSolutionNode = FALSE
	EndGlobalSection
	GlobalSection(ExtensibilityGlobals) = postSolution
		SolutionGuid = {D5462490-F8A0-4995-A876-A13618111DD8}
	EndGlobalSection
EndGlobal
