
Microsoft Visual Studio Solution File, Format Version 12.00
# Visual Studio 15
VisualStudioVersion = 15.0.28307.136
MinimumVisualStudioVersion = 10.0.40219.1
Project("{FAE04EC0-301F-11D3-BF4B-00C04F79EFBC}") = "5", "5\5.csproj", "{D1E3B511-7E34-4772-9277-B9D0C06E1129}"
EndProject
Global
	GlobalSection(SolutionConfigurationPlatforms) = preSolution
		Debug|Any CPU = Debug|Any CPU
		Release|Any CPU = Release|Any CPU
	EndGlobalSection
	GlobalSection(ProjectConfigurationPlatforms) = postSolution
		{D1E3B511-7E34-4772-9277-B9D0C06E1129}.Debug|Any CPU.ActiveCfg = Debug|Any CPU
		{D1E3B511-7E34-4772-9277-B9D0C06E1129}.Debug|Any CPU.Build.0 = Debug|Any CPU
		{D1E3B511-7E34-4772-9277-B9D0C06E1129}.Release|Any CPU.ActiveCfg = Release|Any CPU
		{D1E3B511-7E34-4772-9277-B9D0C06E1129}.Release|Any CPU.Build.0 = Release|Any CPU
	EndGlobalSection
	GlobalSection(SolutionProperties) = preSolution
		HideSolutionNode = FALSE
	EndGlobalSection
	GlobalSection(ExtensibilityGlobals) = postSolution
		SolutionGuid = {A459E5B1-6DB6-4FE6-91FB-D131AC4EB59A}
	EndGlobalSection
EndGlobal
